{
  "version": 4,
  "terraform_version": "0.13.5",
  "serial": 142,
  "lineage": "d351fbbe-3d80-9c02-96c1-3cf337a0c4ce",
  "outputs": {
    "server_ip": {
      "value": [
        "139.59.107.56"
      ],
      "type": [
        "tuple",
        [
          "string"
        ]
      ]
    }
  },
  "resources": [
    {
      "mode": "data",
      "type": "digitalocean_ssh_key",
      "name": "linux",
      "provider": "provider[\"registry.terraform.io/digitalocean/digitalocean\"]",
      "instances": [
        {
          "schema_version": 0,
          "attributes": {
            "fingerprint": "19:91:7b:3d:1e:4e:71:fc:4d:8e:6d:2e:75:e8:ab:59",
            "id": 28941384,
            "name": "linux laptop",
            "public_key": "ssh-rsa AAAAB3NzaC1yc2EAAAADAQABAAABgQC2dccdXTEy1M+nBKx3LL1maIMvpuX0owDkBfO9Z2LeQTdy4hLJG6WP1lhtkPQkTZaIFwp0U7bxPd0nRDOJHXJjrGEHCWLTb+WHW/yYo1LdfqXTkcF+eQ5HhQBNRIjbyhiVIEHkcUdt7NBOoXxHUPyY15NmnqQOw6N0/sXsNp7B5g9D+Dy4/rkcdKsb0lLPUgKlapD4581AIa9NbAIMl8JkxjIQtgq3pJty+rhl+FbhNp5wcptasaWJf9uM/z6kFjsdXNumJQlCGTd2hUKk/I4Unp5N0W/0SGJgSYUBBQtwI9m+aZPjBMzyikedZN9RnnWDzp58b5FPAffmRgI1oTbeGwheK+S+8EtrbWwzZQBhKDd9R5DI4gwTbMuczwPTX1Jc807V9jcEIrPInf2Ky6wdRqxYgdPFbf1wWMSsMIig6t1ZjG51F4t4HmkYBGZtYDZoPrlgm3DkQgLT/+gKHP8zRzINlvMXC/IDU+YNJWRYCWkZmMhoQdGVofzeBkRxZnc= iqbal@what"
          }
        }
      ]
    },
    {
      "mode": "data",
      "type": "digitalocean_ssh_key",
      "name": "windows",
      "provider": "provider[\"registry.terraform.io/digitalocean/digitalocean\"]",
      "instances": [
        {
          "schema_version": 0,
          "attributes": {
            "fingerprint": "f9:23:fb:9e:08:ac:04:da:1b:f4:ff:59:17:c1:ab:76",
            "id": 29150427,
            "name": "windows laptop",
            "public_key": "ssh-rsa AAAAB3NzaC1yc2EAAAADAQABAAABAQDGNmIGxBs3BkmZHBhCvkpLioz3+WnE0JaU5WQ+S3cVum28o+BCrHanWxjOzRsO7Zy4KVoj+Fnc6nJwf4JPIg59FFu8bnIFNMj81LhsX8DijYpdsb0EsrSzjXUXuM/nJ+K/W1/mYxFW0CBXpbOA4LwJGNTYYsjEvTZCmNiOFpP6rd+yynB8HSWvAqRVCVe3pu8KrjwoKV1gJ8i0qL2Wdi6OQ/0i0ygVkYqZxkgzVnOFDhBuPiBUzcUOa5Xduz34DNRoyYawvCGnY2jjlWPMOYQCfcWyTqzbVy5CV9ElK6hpMLh0jeDIJzCDTh8ySm8ulcCDGGdb/DCNMnBnIcMiQXqt iqbal@DESKTOP-NH9KDF6"
          }
        }
      ]
    },
    {
      "mode": "managed",
      "type": "digitalocean_domain",
      "name": "default",
      "provider": "provider[\"registry.terraform.io/digitalocean/digitalocean\"]",
      "instances": [
        {
          "schema_version": 0,
          "attributes": {
            "id": "assetnest.me",
            "ip_address": null,
            "name": "assetnest.me",
            "urn": "do:domain:assetnest.me"
          },
          "private": "bnVsbA=="
        }
      ]
    },
    {
      "mode": "managed",
      "type": "digitalocean_droplet",
      "name": "assetnest",
      "provider": "provider[\"registry.terraform.io/digitalocean/digitalocean\"]",
      "instances": [
        {
          "index_key": 0,
          "schema_version": 1,
          "attributes": {
            "backups": false,
            "created_at": "2020-12-16T14:30:54Z",
            "disk": 25,
            "id": "221792392",
            "image": "docker-20-04",
            "ipv4_address": "139.59.107.56",
            "ipv4_address_private": "10.104.0.3",
            "ipv6": false,
            "ipv6_address": "",
            "locked": false,
            "memory": 1024,
            "monitoring": false,
            "name": "assetnest-sgp1-1",
            "price_hourly": 0.00744,
            "price_monthly": 5,
            "private_networking": true,
            "region": "sgp1",
            "resize_disk": true,
            "size": "s-1vcpu-1gb",
            "ssh_keys": [
              "28941384",
              "29150427"
            ],
            "status": "active",
            "tags": null,
            "urn": "do:droplet:221792392",
            "user_data": null,
            "vcpus": 1,
            "volume_ids": [],
            "vpc_uuid": "35b9d539-bdb4-4735-ad38-3ed4df4967a9"
          },
          "private": "eyJzY2hlbWFfdmVyc2lvbiI6IjEifQ==",
          "dependencies": [
            "data.digitalocean_ssh_key.linux",
            "data.digitalocean_ssh_key.windows"
          ]
        },
        {
          "index_key": 0,
          "status": "tainted",
          "deposed": "58be6618",
          "schema_version": 1,
          "attributes": null,
          "private": "eyJzY2hlbWFfdmVyc2lvbiI6IjEifQ==",
          "dependencies": [
            "data.digitalocean_ssh_key.linux",
            "data.digitalocean_ssh_key.windows"
          ],
          "create_before_destroy": true
        }
      ]
    },
    {
      "mode": "managed",
      "type": "digitalocean_record",
      "name": "api",
      "provider": "provider[\"registry.terraform.io/digitalocean/digitalocean\"]",
      "instances": [
        {
          "index_key": 0,
          "schema_version": 0,
          "attributes": {
            "domain": "assetnest.me",
            "flags": 0,
            "fqdn": "api.assetnest.me",
            "id": "126244970",
            "name": "api",
            "port": 0,
            "priority": 0,
            "tag": "",
            "ttl": 1800,
            "type": "A",
            "value": "139.59.107.56",
            "weight": 0
          },
          "private": "bnVsbA==",
          "dependencies": [
            "data.digitalocean_ssh_key.linux",
            "data.digitalocean_ssh_key.windows",
            "digitalocean_domain.default",
            "digitalocean_droplet.assetnest"
          ]
        }
      ]
    },
    {
      "mode": "managed",
      "type": "digitalocean_record",
      "name": "entah",
      "provider": "provider[\"registry.terraform.io/digitalocean/digitalocean\"]",
      "instances": [
        {
          "index_key": 0,
          "schema_version": 0,
          "attributes": {
            "domain": "assetnest.me",
            "flags": 0,
            "fqdn": "@.assetnest.me",
            "id": "126244967",
            "name": "@",
            "port": 0,
            "priority": 0,
            "tag": "",
            "ttl": 1800,
            "type": "A",
            "value": "139.59.107.56",
            "weight": 0
          },
          "private": "bnVsbA==",
          "dependencies": [
            "data.digitalocean_ssh_key.linux",
            "data.digitalocean_ssh_key.windows",
            "digitalocean_domain.default",
            "digitalocean_droplet.assetnest"
          ]
        }
      ]
    },
    {
      "mode": "managed",
      "type": "null_resource",
      "name": "temp",
      "provider": "provider[\"registry.terraform.io/hashicorp/null\"]",
      "instances": [
        {
          "index_key": 0,
          "schema_version": 0,
          "attributes": {
            "id": "2575020254190896353",
            "triggers": null
          },
          "private": "bnVsbA==",
          "dependencies": [
            "data.digitalocean_ssh_key.linux",
            "data.digitalocean_ssh_key.windows",
            "digitalocean_droplet.assetnest"
          ]
        }
      ]
    }
  ]
}
